<?xml version="1.0" encoding="utf-8"?>
<Project ToolsVersion="4.0" xmlns="http://schemas.microsoft.com/developer/msbuild/2003">
  <ItemGroup>
    <ClInclude Include="Animation.h">
      <Filter>Headers</Filter>
    </ClInclude>
    <ClInclude Include="LoadingState.h">
      <Filter>Headers</Filter>
    </ClInclude>
    <ClInclude Include="Entity.h">
      <Filter>Headers</Filter>
    </ClInclude>
    <ClInclude Include="GameState.h">
      <Filter>Headers</Filter>
    </ClInclude>
    <ClInclude Include="InputManager.h">
      <Filter>Headers</Filter>
    </ClInclude>
    <ClInclude Include="Inventory.h">
      <Filter>Headers</Filter>
    </ClInclude>
    <ClInclude Include="MenuState.h">
      <Filter>Headers</Filter>
    </ClInclude>
    <ClInclude Include="WindowManager.h">
      <Filter>Headers</Filter>
    </ClInclude>
    <ClInclude Include="ResourceManager.h">
      <Filter>Headers</Filter>
    </ClInclude>
    <ClInclude Include="State.h">
      <Filter>Headers</Filter>
    </ClInclude>
    <ClInclude Include="StateManager.h">
      <Filter>Headers</Filter>
    </ClInclude>
    <ClInclude Include="TriggerZone.h">
      <Filter>Headers</Filter>
    </ClInclude>
    <ClInclude Include="Wall.h">
      <Filter>Headers</Filter>
    </ClInclude>
    <ClInclude Include="PhysicalEntity.h">
      <Filter>Headers</Filter>
    </ClInclude>
    <ClInclude Include="PlayerRelated.h">
      <Filter>Headers</Filter>
    </ClInclude>
    <ClInclude Include="DamageHitBox.h">
      <Filter>Headers</Filter>
    </ClInclude>
    <ClInclude Include="Script.h">
      <Filter>Headers</Filter>
    </ClInclude>
    <ClInclude Include="ItemDisplay.h">
      <Filter>Headers</Filter>
    </ClInclude>
    <ClInclude Include="Player.h">
      <Filter>Headers</Filter>
    </ClInclude>
    <ClInclude Include="CutsceneTriggerZone.h">
      <Filter>Headers</Filter>
    </ClInclude>
  </ItemGroup>
  <ItemGroup>
    <Filter Include="Headers">
      <UniqueIdentifier>{7eebc484-91fd-4aaa-b4f3-50867741d76d}</UniqueIdentifier>
    </Filter>
    <Filter Include="Sources">
      <UniqueIdentifier>{aa6cc8da-2ad6-423c-aab5-7aac6cbcbedf}</UniqueIdentifier>
    </Filter>
  </ItemGroup>
  <ItemGroup>
    <ClCompile Include="Main.cpp">
      <Filter>Sources</Filter>
    </ClCompile>
    <ClCompile Include="StateManager.cpp">
      <Filter>Sources</Filter>
    </ClCompile>
    <ClCompile Include="GameState.cpp">
		<Filter>Sources</Filter>
	</ClCompile>
    <ClCompile Include="Inventory.cpp">
      <Filter>Sources</Filter>
    </ClCompile>
    <ClCompile Include="Animation.cpp">
      <Filter>Sources</Filter>
    </ClCompile>
    <ClCompile Include="WindowManager.cpp">
      <Filter>Sources</Filter>
    </ClCompile>
    <ClCompile Include="ResourceManager.cpp">
      <Filter>Sources</Filter>
    </ClCompile>
  </ItemGroup>
</Project>