<?xml version="1.0" encoding="utf-8"?>
<Project ToolsVersion="4.0" xmlns="http://schemas.microsoft.com/developer/msbuild/2003">
  <ItemGroup>
    <ClCompile Include="Main.cpp">
      <Filter>Sources</Filter>
    </ClCompile>
    <ClCompile Include="Registration_collision64x32.cpp">
      <Filter>Sources\Registration</Filter>
    </ClCompile>
    <ClCompile Include="Registration_collision128x64.cpp">
      <Filter>Sources\Registration</Filter>
    </ClCompile>
    <ClCompile Include="Registration_collision256x128.cpp">
      <Filter>Sources\Registration</Filter>
    </ClCompile>
    <ClCompile Include="ObjectTypeRegistration.cpp">
      <Filter>Sources\Registration</Filter>
    </ClCompile>
    <ClCompile Include="Registration_player.cpp">
      <Filter>Sources\Registration</Filter>
    </ClCompile>
    <ClCompile Include="ObjectFactory.cpp">
      <Filter>Sources\Registration</Filter>
    </ClCompile>
    <ClCompile Include="FileStructure.cpp">
      <Filter>Sources</Filter>
    </ClCompile>
    <ClCompile Include="Crystal.cpp">
      <Filter>Sources\Entity</Filter>
    </ClCompile>
    <ClCompile Include="Camera.cpp">
      <Filter>Sources\Entity</Filter>
    </ClCompile>
    <ClCompile Include="DamageHitBox.cpp">
      <Filter>Sources\Entity</Filter>
    </ClCompile>
    <ClCompile Include="Inventory.cpp">
      <Filter>Sources\Entity</Filter>
    </ClCompile>
    <ClCompile Include="Player.cpp">
      <Filter>Sources\Entity</Filter>
    </ClCompile>
    <ClCompile Include="TriggerZone.cpp">
      <Filter>Sources\Entity</Filter>
    </ClCompile>
    <ClCompile Include="WindowManager.cpp">
      <Filter>Sources\Manager</Filter>
    </ClCompile>
    <ClCompile Include="PropertyManager.cpp">
      <Filter>Sources\Manager</Filter>
    </ClCompile>
    <ClCompile Include="ResourceManager.cpp">
      <Filter>Sources\Manager</Filter>
    </ClCompile>
    <ClCompile Include="StateManager.cpp">
      <Filter>Sources\Manager</Filter>
    </ClCompile>
    <ClCompile Include="Particle.cpp">
      <Filter>Sources\Particle</Filter>
    </ClCompile>
    <ClCompile Include="ParticleSystem.cpp">
      <Filter>Sources\Particle</Filter>
    </ClCompile>
    <ClCompile Include="LoadingState.cpp">
      <Filter>Sources\State</Filter>
    </ClCompile>
    <ClCompile Include="Registration_crystal.cpp">
      <Filter>Sources\Registration</Filter>
    </ClCompile>
    <ClCompile Include="SolidZone.cpp">
      <Filter>Sources\Entity</Filter>
    </ClCompile>
    <ClCompile Include="CollisionZone.cpp">
      <Filter>Sources\Entity</Filter>
    </ClCompile>
    <ClCompile Include="NPC.cpp">
      <Filter>Sources\Entity</Filter>
    </ClCompile>
    <ClCompile Include="Registration_trigger.cpp">
      <Filter>Sources\Registration</Filter>
    </ClCompile>
    <ClCompile Include="Animation.cpp">
      <Filter>Sources\Entity\Animations</Filter>
    </ClCompile>
    <ClCompile Include="AnimationSpecs.cpp">
      <Filter>Sources\Entity\Animations</Filter>
    </ClCompile>
    <ClCompile Include="InventoryDisplay.cpp">
      <Filter>Sources\Entity</Filter>
    </ClCompile>
    <ClCompile Include="InventoryDisplay.cpp">
      <Filter>Sources\Entity</Filter>
    </ClCompile>
    <ClCompile Include="PrecompiledHeader.cpp">
      <Filter>Sources</Filter>
    </ClCompile>
    <ClCompile Include="PrecompiledHeader.cpp">
      <Filter>Sources</Filter>
    </ClCompile>
    <ClCompile Include="SoundScape.cpp">
      <Filter>Sources\Entity</Filter>
    </ClCompile>
    <ClCompile Include="LightPoint.cpp">
      <Filter>Sources\Entity</Filter>
    </ClCompile>
    <ClCompile Include="Registration_light.cpp">
      <Filter>Sources\Registration</Filter>
    </ClCompile>
    <ClCompile Include="Item.cpp">
      <Filter>Sources\Entity</Filter>
    </ClCompile>
    <ClCompile Include="Registration_item.cpp">
      <Filter>Sources\Registration</Filter>
    </ClCompile>
    <ClCompile Include="LevelState.cpp">
      <Filter>Sources\State</Filter>
    </ClCompile>
    <ClCompile Include="SubLevel.cpp">
      <Filter>Sources\State</Filter>
    </ClCompile>
    <ClCompile Include="Registration_soundscape.cpp">
      <Filter>Sources\Registration</Filter>
    </ClCompile>
    <ClCompile Include="LevelPortal.cpp">
      <Filter>Sources\Entity</Filter>
    </ClCompile>
    <ClCompile Include="Registration_ai_path.cpp">
      <Filter>Sources\Registration</Filter>
    </ClCompile>
    <ClCompile Include="Registration_npc.cpp">
      <Filter>Sources\Registration</Filter>
    </ClCompile>
    <ClCompile Include="InputManager.cpp">
      <Filter>Sources\Manager</Filter>
    </ClCompile>
    <ClCompile Include="Queue.cpp">
      <Filter>Sources\Entity</Filter>
    </ClCompile>
    <ClCompile Include="QueueItem.cpp">
      <Filter>Sources\Entity</Filter>
    </ClCompile>
    <ClCompile Include="OccludedEntity.cpp">
      <Filter>Sources\Entity</Filter>
    </ClCompile>
    <ClCompile Include="Registration_collider.cpp">
      <Filter>Sources\Registration</Filter>
    </ClCompile>
    <ClCompile Include="Registration_levelportal.cpp">
      <Filter>Sources\Registration</Filter>
    </ClCompile>
    <ClCompile Include="Registration_occluder.cpp">
      <Filter>Sources\Registration</Filter>
    </ClCompile>
    <ClCompile Include="Registration_queue.cpp">
      <Filter>Sources\Registration</Filter>
    </ClCompile>
    <ClCompile Include="Registration_queueitem.cpp">
      <Filter>Sources\Registration</Filter>
    </ClCompile>
    <ClCompile Include="Network.cpp">
      <Filter>Sources</Filter>
    </ClCompile>
  </ItemGroup>
  <ItemGroup>
    <ClInclude Include="GameToScreen.h">
      <Filter>Includes</Filter>
    </ClInclude>
    <ClInclude Include="PrecompiledHeader.h">
      <Filter>Includes</Filter>
    </ClInclude>
    <ClInclude Include="ObjectTypeRegistration.h">
      <Filter>Includes\Registration</Filter>
    </ClInclude>
    <ClInclude Include="ObjectFactory.h">
      <Filter>Includes\Registration</Filter>
    </ClInclude>
    <ClInclude Include="RegistrationCommonHeaders.h">
      <Filter>Includes\Registration</Filter>
    </ClInclude>
    <ClInclude Include="FileStructure.h">
      <Filter>Includes</Filter>
    </ClInclude>
    <ClInclude Include="Camera.h">
      <Filter>Includes\Entity</Filter>
    </ClInclude>
    <ClInclude Include="Crystal.h">
      <Filter>Includes\Entity</Filter>
    </ClInclude>
    <ClInclude Include="CutsceneTriggerZone.h">
      <Filter>Includes\Entity</Filter>
    </ClInclude>
    <ClInclude Include="Entity.h">
      <Filter>Includes\Entity</Filter>
    </ClInclude>
    <ClInclude Include="GraphicalEntity.h">
      <Filter>Includes\Entity</Filter>
    </ClInclude>
    <ClInclude Include="Script.h">
      <Filter>Includes\Entity</Filter>
    </ClInclude>
    <ClInclude Include="PropertyManager.h">
      <Filter>Includes\Manager</Filter>
    </ClInclude>
    <ClInclude Include="ResourceManager.h">
      <Filter>Includes\Manager</Filter>
    </ClInclude>
    <ClInclude Include="StateManager.h">
      <Filter>Includes\Manager</Filter>
    </ClInclude>
    <ClInclude Include="WindowManager.h">
      <Filter>Includes\Manager</Filter>
    </ClInclude>
    <ClInclude Include="State.h">
      <Filter>Includes\State</Filter>
    </ClInclude>
    <ClInclude Include="LoadingState.h">
      <Filter>Includes\State</Filter>
    </ClInclude>
    <ClInclude Include="Particle.h">
      <Filter>Includes\Particle</Filter>
    </ClInclude>
    <ClInclude Include="ParticleSystem.h">
      <Filter>Includes\Particle</Filter>
    </ClInclude>
    <ClInclude Include="Inventory.h">
      <Filter>Includes\Entity</Filter>
    </ClInclude>
    <ClInclude Include="MenuState.h">
      <Filter>Includes\State</Filter>
    </ClInclude>
    <ClInclude Include="PhysicalEntity.h">
      <Filter>Includes\Entity</Filter>
    </ClInclude>
    <ClInclude Include="Player.h">
      <Filter>Includes\Entity</Filter>
    </ClInclude>
    <ClInclude Include="TriggerZone.h">
      <Filter>Includes\Entity</Filter>
    </ClInclude>
    <ClInclude Include="SolidZone.h">
      <Filter>Includes\Entity</Filter>
    </ClInclude>
    <ClInclude Include="CollisionZone.h">
      <Filter>Includes\Entity</Filter>
    </ClInclude>
    <ClInclude Include="CollisionZone.h">
      <Filter>Includes\Entity</Filter>
    </ClInclude>
    <ClInclude Include="NPC.h">
      <Filter>Includes\Entity</Filter>
    </ClInclude>
    <ClInclude Include="Animation.h">
      <Filter>Includes\Entity\Animations</Filter>
    </ClInclude>
    <ClInclude Include="AnimationSpecs.h">
      <Filter>Includes\Entity\Animations</Filter>
    </ClInclude>
    <ClInclude Include="AnimationSpecs.h">
      <Filter>Includes\Entity\Animations</Filter>
    </ClInclude>
    <ClInclude Include="CollisionZone.h">
      <Filter>Includes\Entity</Filter>
    </ClInclude>
    <ClInclude Include="InventoryDisplay.h">
      <Filter>Includes\Entity</Filter>
    </ClInclude>
    <ClInclude Include="SoundScape.h">
      <Filter>Includes\Entity</Filter>
    </ClInclude>
    <ClInclude Include="LightPoint.h">
      <Filter>Includes\Entity</Filter>
    </ClInclude>
    <ClInclude Include="DamageHitBox.h">
      <Filter>Includes\Entity</Filter>
    </ClInclude>
    <ClInclude Include="Item.h">
      <Filter>Includes\Entity</Filter>
    </ClInclude>
    <ClInclude Include="LevelState.h">
      <Filter>Includes\State</Filter>
    </ClInclude>
    <ClInclude Include="SubLevel.h">
      <Filter>Includes\State</Filter>
    </ClInclude>
    <ClInclude Include="LevelPortal.h">
      <Filter>Includes\Entity</Filter>
    </ClInclude>
    <ClInclude Include="InputManager.h">
      <Filter>Includes\Manager</Filter>
    </ClInclude>
    <ClInclude Include="Queue.h">
      <Filter>Includes\Entity</Filter>
    </ClInclude>
    <ClInclude Include="QueueItem.h">
      <Filter>Includes\Entity</Filter>
    </ClInclude>
    <ClInclude Include="OccludedEntity.h">
      <Filter>Includes\Entity</Filter>
    </ClInclude>
    <ClInclude Include="Widget.h">
      <Filter>Includes\UI</Filter>
    </ClInclude>
    <ClInclude Include="Button.h">
      <Filter>Includes\UI</Filter>
    </ClInclude>
    <ClInclude Include="ListFrame.h">
      <Filter>Includes\UI</Filter>
    </ClInclude>
    <ClInclude Include="Network.h">
      <Filter>Includes</Filter>
    </ClInclude>
  </ItemGroup>
  <ItemGroup>
    <Filter Include="Sources">
      <UniqueIdentifier>{100feee6-7428-4566-b9f7-2855a750ab24}</UniqueIdentifier>
    </Filter>
    <Filter Include="Includes">
      <UniqueIdentifier>{a332857d-5b1d-4d4d-9706-37eb2c45cd5c}</UniqueIdentifier>
    </Filter>
    <Filter Include="Sources\Registration">
      <UniqueIdentifier>{f08713d7-b0df-4633-9c90-b603dbc9bb71}</UniqueIdentifier>
    </Filter>
    <Filter Include="Includes\Registration">
      <UniqueIdentifier>{92ed7915-027b-4df6-8268-eb7cb664ec80}</UniqueIdentifier>
    </Filter>
    <Filter Include="Includes\Entity">
      <UniqueIdentifier>{25f89b4d-d8cb-45df-bcac-5e1e7defd70d}</UniqueIdentifier>
    </Filter>
    <Filter Include="Includes\Manager">
      <UniqueIdentifier>{3b1e944c-2e8d-4a88-975d-86ff393dee8e}</UniqueIdentifier>
    </Filter>
    <Filter Include="Includes\State">
      <UniqueIdentifier>{55b2bcb3-0708-47fa-ac17-453d1a199f60}</UniqueIdentifier>
    </Filter>
    <Filter Include="Includes\Particle">
      <UniqueIdentifier>{ab3b911f-f1e2-4db6-8aaf-9305050dfbf6}</UniqueIdentifier>
    </Filter>
    <Filter Include="Sources\Manager">
      <UniqueIdentifier>{aa50adc8-6cd3-4a40-8e09-73f73a48c7ff}</UniqueIdentifier>
    </Filter>
    <Filter Include="Sources\Entity">
      <UniqueIdentifier>{65c0436c-2f6f-44cf-be53-5624b71e28b3}</UniqueIdentifier>
    </Filter>
    <Filter Include="Sources\Particle">
      <UniqueIdentifier>{39962544-4434-4a95-b02b-98f4b62589fa}</UniqueIdentifier>
    </Filter>
    <Filter Include="Sources\State">
      <UniqueIdentifier>{b2756ea9-21c1-4154-881d-297c19999e8d}</UniqueIdentifier>
    </Filter>
    <Filter Include="Sources\Entity\Animations">
      <UniqueIdentifier>{d09f6b58-4d00-4ccc-8d20-e85aac0c55a2}</UniqueIdentifier>
    </Filter>
    <Filter Include="Includes\Entity\Animations">
      <UniqueIdentifier>{ae6ff58e-b217-4db2-8a2f-61c869eb2045}</UniqueIdentifier>
    </Filter>
    <Filter Include="Includes\UI">
      <UniqueIdentifier>{83257350-06f9-4b5e-a994-124948c583b0}</UniqueIdentifier>
    </Filter>
  </ItemGroup>
</Project>